
Microsoft Visual Studio Solution File, Format Version 12.00
# Visual Studio Version 16
VisualStudioVersion = 16.0.32228.343
MinimumVisualStudioVersion = 10.0.40219.1
Project("{9A19103F-16F7-4668-BE54-9A1E7A4F7556}") = "BackendSample", "BackendSample\BackendSample.csproj", "{75455118-C630-4DCA-8968-2F9D11BAA0EE}"
EndProject
Project("{9A19103F-16F7-4668-BE54-9A1E7A4F7556}") = "BackendSample.API", "BackendSample.API\BackendSample.API.csproj", "{36AE9AF0-E03A-4E8F-AD1B-C1D69873B00F}"
EndProject
Project("{FAE04EC0-301F-11D3-BF4B-00C04F79EFBC}") = "BackendSample.Domain", "BackendSample.Domain\BackendSample.Domain.csproj", "{1BF19B5E-3233-4A1E-BB9F-082082F280B0}"
EndProject
Global
	GlobalSection(SolutionConfigurationPlatforms) = preSolution
		Debug|Any CPU = Debug|Any CPU
		Release|Any CPU = Release|Any CPU
	EndGlobalSection
	GlobalSection(ProjectConfigurationPlatforms) = postSolution
		{75455118-C630-4DCA-8968-2F9D11BAA0EE}.Debug|Any CPU.ActiveCfg = Debug|Any CPU
		{75455118-C630-4DCA-8968-2F9D11BAA0EE}.Debug|Any CPU.Build.0 = Debug|Any CPU
		{75455118-C630-4DCA-8968-2F9D11BAA0EE}.Release|Any CPU.ActiveCfg = Release|Any CPU
		{75455118-C630-4DCA-8968-2F9D11BAA0EE}.Release|Any CPU.Build.0 = Release|Any CPU
		{36AE9AF0-E03A-4E8F-AD1B-C1D69873B00F}.Debug|Any CPU.ActiveCfg = Debug|Any CPU
		{36AE9AF0-E03A-4E8F-AD1B-C1D69873B00F}.Debug|Any CPU.Build.0 = Debug|Any CPU
		{36AE9AF0-E03A-4E8F-AD1B-C1D69873B00F}.Release|Any CPU.ActiveCfg = Release|Any CPU
		{36AE9AF0-E03A-4E8F-AD1B-C1D69873B00F}.Release|Any CPU.Build.0 = Release|Any CPU
		{1BF19B5E-3233-4A1E-BB9F-082082F280B0}.Debug|Any CPU.ActiveCfg = Debug|Any CPU
		{1BF19B5E-3233-4A1E-BB9F-082082F280B0}.Debug|Any CPU.Build.0 = Debug|Any CPU
		{1BF19B5E-3233-4A1E-BB9F-082082F280B0}.Release|Any CPU.ActiveCfg = Release|Any CPU
		{1BF19B5E-3233-4A1E-BB9F-082082F280B0}.Release|Any CPU.Build.0 = Release|Any CPU
	EndGlobalSection
	GlobalSection(SolutionProperties) = preSolution
		HideSolutionNode = FALSE
	EndGlobalSection
	GlobalSection(ExtensibilityGlobals) = postSolution
		SolutionGuid = {10852F0E-8746-4841-B4A1-CD3E1530CDEE}
	EndGlobalSection
EndGlobal
